
Microsoft Visual Studio Solution File, Format Version 12.00
# Visual Studio Version 17
VisualStudioVersion = 17.13.35828.75
MinimumVisualStudioVersion = 10.0.40219.1
Project("{FAE04EC0-301F-11D3-BF4B-00C04F79EFBC}") = "T1Ex10", "Ex10\T1Ex10.csproj", "{2274913D-1D81-4CA3-A7A6-1BE5CB74B356}"
EndProject
Project("{FAE04EC0-301F-11D3-BF4B-00C04F79EFBC}") = "T1Ex8", "T1Ex8\T1Ex8.csproj", "{D2F08D84-1850-420B-9FA9-AB726CF560FE}"
EndProject
Project("{FAE04EC0-301F-11D3-BF4B-00C04F79EFBC}") = "T1Ex9", "T1Ex9\T1Ex9.csproj", "{B4964860-B6FF-43BB-87F2-09788371F747}"
EndProject
Project("{FAE04EC0-301F-11D3-BF4B-00C04F79EFBC}") = "T2Ex5", "T2Ex5\T2Ex5.csproj", "{0D539C11-1E9E-471F-8F28-C0A5A0B3D33D}"
EndProject
Project("{FAE04EC0-301F-11D3-BF4B-00C04F79EFBC}") = "T2Ex6", "T2Ex6\T2Ex6.csproj", "{02FC3810-2ED9-4DC6-BCB5-7E04A75B6002}"
EndProject
Project("{FAE04EC0-301F-11D3-BF4B-00C04F79EFBC}") = "T2Ex7", "T2Ex7\T2Ex7.csproj", "{0EE94D45-C888-4863-8C27-5B72570380A9}"
EndProject
Project("{FAE04EC0-301F-11D3-BF4B-00C04F79EFBC}") = "T2Ex8", "T2Ex8\T2Ex8.csproj", "{7B732BF6-BE5D-49BD-A540-E997C5EBFFE5}"
EndProject
Project("{FAE04EC0-301F-11D3-BF4B-00C04F79EFBC}") = "T2Ex9", "T2Ex9\T2Ex9.csproj", "{0D701105-30DD-46AD-BF37-89313B75E59D}"
EndProject
Project("{FAE04EC0-301F-11D3-BF4B-00C04F79EFBC}") = "T2Ex10", "T2Ex10\T2Ex10.csproj", "{C4BF7561-8A27-4E17-B50D-D766B8AA7F33}"
EndProject
Project("{FAE04EC0-301F-11D3-BF4B-00C04F79EFBC}") = "T2Ex11", "T2Ex11\T2Ex11.csproj", "{C208F23D-84EF-406E-98AF-3174AB21B51D}"
EndProject
Project("{FAE04EC0-301F-11D3-BF4B-00C04F79EFBC}") = "T2Ex12", "T2Ex12\T2Ex12.csproj", "{8B4BAD7D-86B0-490C-87EE-9BD93F0A6DD7}"
EndProject
Project("{FAE04EC0-301F-11D3-BF4B-00C04F79EFBC}") = "T2Ex13", "T2Ex13\T2Ex13.csproj", "{BF99F89F-59C5-4F9D-95A5-8B4684ED7DF0}"
EndProject
Project("{FAE04EC0-301F-11D3-BF4B-00C04F79EFBC}") = "T2Ex14", "T2Ex14\T2Ex14.csproj", "{31EBDE60-5C90-4C96-80A6-AD9772360BD3}"
EndProject
Project("{FAE04EC0-301F-11D3-BF4B-00C04F79EFBC}") = "T2Ex15", "T2Ex15\T2Ex15.csproj", "{4A0D59BC-4982-4A3C-9192-23FA1EA0654F}"
EndProject
Project("{FAE04EC0-301F-11D3-BF4B-00C04F79EFBC}") = "T2Ex16", "T2Ex16\T2Ex16.csproj", "{2AE4A219-500B-401F-B436-EB7CB8F733F8}"
EndProject
Project("{FAE04EC0-301F-11D3-BF4B-00C04F79EFBC}") = "T1Ex7", "T1Ex7\T1Ex7.csproj", "{3E9B60D1-A948-4244-AC41-242CD2BB4DBD}"
EndProject
Project("{FAE04EC0-301F-11D3-BF4B-00C04F79EFBC}") = "T2Ex17", "T2Ex17\T2Ex17.csproj", "{79A0F927-D947-42E3-A76B-DD2E483F25F2}"
EndProject
Project("{FAE04EC0-301F-11D3-BF4B-00C04F79EFBC}") = "T2Ex18", "T2Ex18\T2Ex18.csproj", "{CDF0CDE6-4291-4D0C-8B81-C58583EA6F6A}"
EndProject
Project("{FAE04EC0-301F-11D3-BF4B-00C04F79EFBC}") = "T2Ex19", "T2Ex19\T2Ex19.csproj", "{A6AEA686-F7CC-4B2F-8B64-F26050DA4740}"
EndProject
Project("{FAE04EC0-301F-11D3-BF4B-00C04F79EFBC}") = "T2Ex20", "T2Ex20\T2Ex20.csproj", "{5CF20C7F-DBB7-4690-A7AF-FDD3F0132738}"
EndProject
Project("{FAE04EC0-301F-11D3-BF4B-00C04F79EFBC}") = "T2Ex21", "T2Ex21\T2Ex21.csproj", "{938ED7BF-8477-4931-AFEF-BC8EB5D1771B}"
EndProject
Global
	GlobalSection(SolutionConfigurationPlatforms) = preSolution
		Debug|Any CPU = Debug|Any CPU
		Release|Any CPU = Release|Any CPU
	EndGlobalSection
	GlobalSection(ProjectConfigurationPlatforms) = postSolution
		{2274913D-1D81-4CA3-A7A6-1BE5CB74B356}.Debug|Any CPU.ActiveCfg = Debug|Any CPU
		{2274913D-1D81-4CA3-A7A6-1BE5CB74B356}.Debug|Any CPU.Build.0 = Debug|Any CPU
		{2274913D-1D81-4CA3-A7A6-1BE5CB74B356}.Release|Any CPU.ActiveCfg = Release|Any CPU
		{2274913D-1D81-4CA3-A7A6-1BE5CB74B356}.Release|Any CPU.Build.0 = Release|Any CPU
		{D2F08D84-1850-420B-9FA9-AB726CF560FE}.Debug|Any CPU.ActiveCfg = Debug|Any CPU
		{D2F08D84-1850-420B-9FA9-AB726CF560FE}.Debug|Any CPU.Build.0 = Debug|Any CPU
		{D2F08D84-1850-420B-9FA9-AB726CF560FE}.Release|Any CPU.ActiveCfg = Release|Any CPU
		{D2F08D84-1850-420B-9FA9-AB726CF560FE}.Release|Any CPU.Build.0 = Release|Any CPU
		{B4964860-B6FF-43BB-87F2-09788371F747}.Debug|Any CPU.ActiveCfg = Debug|Any CPU
		{B4964860-B6FF-43BB-87F2-09788371F747}.Debug|Any CPU.Build.0 = Debug|Any CPU
		{B4964860-B6FF-43BB-87F2-09788371F747}.Release|Any CPU.ActiveCfg = Release|Any CPU
		{B4964860-B6FF-43BB-87F2-09788371F747}.Release|Any CPU.Build.0 = Release|Any CPU
		{0D539C11-1E9E-471F-8F28-C0A5A0B3D33D}.Debug|Any CPU.ActiveCfg = Debug|Any CPU
		{0D539C11-1E9E-471F-8F28-C0A5A0B3D33D}.Debug|Any CPU.Build.0 = Debug|Any CPU
		{0D539C11-1E9E-471F-8F28-C0A5A0B3D33D}.Release|Any CPU.ActiveCfg = Release|Any CPU
		{0D539C11-1E9E-471F-8F28-C0A5A0B3D33D}.Release|Any CPU.Build.0 = Release|Any CPU
		{02FC3810-2ED9-4DC6-BCB5-7E04A75B6002}.Debug|Any CPU.ActiveCfg = Debug|Any CPU
		{02FC3810-2ED9-4DC6-BCB5-7E04A75B6002}.Debug|Any CPU.Build.0 = Debug|Any CPU
		{02FC3810-2ED9-4DC6-BCB5-7E04A75B6002}.Release|Any CPU.ActiveCfg = Release|Any CPU
		{02FC3810-2ED9-4DC6-BCB5-7E04A75B6002}.Release|Any CPU.Build.0 = Release|Any CPU
		{0EE94D45-C888-4863-8C27-5B72570380A9}.Debug|Any CPU.ActiveCfg = Debug|Any CPU
		{0EE94D45-C888-4863-8C27-5B72570380A9}.Debug|Any CPU.Build.0 = Debug|Any CPU
		{0EE94D45-C888-4863-8C27-5B72570380A9}.Release|Any CPU.ActiveCfg = Release|Any CPU
		{0EE94D45-C888-4863-8C27-5B72570380A9}.Release|Any CPU.Build.0 = Release|Any CPU
		{7B732BF6-BE5D-49BD-A540-E997C5EBFFE5}.Debug|Any CPU.ActiveCfg = Debug|Any CPU
		{7B732BF6-BE5D-49BD-A540-E997C5EBFFE5}.Debug|Any CPU.Build.0 = Debug|Any CPU
		{7B732BF6-BE5D-49BD-A540-E997C5EBFFE5}.Release|Any CPU.ActiveCfg = Release|Any CPU
		{7B732BF6-BE5D-49BD-A540-E997C5EBFFE5}.Release|Any CPU.Build.0 = Release|Any CPU
		{0D701105-30DD-46AD-BF37-89313B75E59D}.Debug|Any CPU.ActiveCfg = Debug|Any CPU
		{0D701105-30DD-46AD-BF37-89313B75E59D}.Debug|Any CPU.Build.0 = Debug|Any CPU
		{0D701105-30DD-46AD-BF37-89313B75E59D}.Release|Any CPU.ActiveCfg = Release|Any CPU
		{0D701105-30DD-46AD-BF37-89313B75E59D}.Release|Any CPU.Build.0 = Release|Any CPU
		{C4BF7561-8A27-4E17-B50D-D766B8AA7F33}.Debug|Any CPU.ActiveCfg = Debug|Any CPU
		{C4BF7561-8A27-4E17-B50D-D766B8AA7F33}.Debug|Any CPU.Build.0 = Debug|Any CPU
		{C4BF7561-8A27-4E17-B50D-D766B8AA7F33}.Release|Any CPU.ActiveCfg = Release|Any CPU
		{C4BF7561-8A27-4E17-B50D-D766B8AA7F33}.Release|Any CPU.Build.0 = Release|Any CPU
		{C208F23D-84EF-406E-98AF-3174AB21B51D}.Debug|Any CPU.ActiveCfg = Debug|Any CPU
		{C208F23D-84EF-406E-98AF-3174AB21B51D}.Debug|Any CPU.Build.0 = Debug|Any CPU
		{C208F23D-84EF-406E-98AF-3174AB21B51D}.Release|Any CPU.ActiveCfg = Release|Any CPU
		{C208F23D-84EF-406E-98AF-3174AB21B51D}.Release|Any CPU.Build.0 = Release|Any CPU
		{8B4BAD7D-86B0-490C-87EE-9BD93F0A6DD7}.Debug|Any CPU.ActiveCfg = Debug|Any CPU
		{8B4BAD7D-86B0-490C-87EE-9BD93F0A6DD7}.Debug|Any CPU.Build.0 = Debug|Any CPU
		{8B4BAD7D-86B0-490C-87EE-9BD93F0A6DD7}.Release|Any CPU.ActiveCfg = Release|Any CPU
		{8B4BAD7D-86B0-490C-87EE-9BD93F0A6DD7}.Release|Any CPU.Build.0 = Release|Any CPU
		{BF99F89F-59C5-4F9D-95A5-8B4684ED7DF0}.Debug|Any CPU.ActiveCfg = Debug|Any CPU
		{BF99F89F-59C5-4F9D-95A5-8B4684ED7DF0}.Debug|Any CPU.Build.0 = Debug|Any CPU
		{BF99F89F-59C5-4F9D-95A5-8B4684ED7DF0}.Release|Any CPU.ActiveCfg = Release|Any CPU
		{BF99F89F-59C5-4F9D-95A5-8B4684ED7DF0}.Release|Any CPU.Build.0 = Release|Any CPU
		{31EBDE60-5C90-4C96-80A6-AD9772360BD3}.Debug|Any CPU.ActiveCfg = Debug|Any CPU
		{31EBDE60-5C90-4C96-80A6-AD9772360BD3}.Debug|Any CPU.Build.0 = Debug|Any CPU
		{31EBDE60-5C90-4C96-80A6-AD9772360BD3}.Release|Any CPU.ActiveCfg = Release|Any CPU
		{31EBDE60-5C90-4C96-80A6-AD9772360BD3}.Release|Any CPU.Build.0 = Release|Any CPU
		{4A0D59BC-4982-4A3C-9192-23FA1EA0654F}.Debug|Any CPU.ActiveCfg = Debug|Any CPU
		{4A0D59BC-4982-4A3C-9192-23FA1EA0654F}.Debug|Any CPU.Build.0 = Debug|Any CPU
		{4A0D59BC-4982-4A3C-9192-23FA1EA0654F}.Release|Any CPU.ActiveCfg = Release|Any CPU
		{4A0D59BC-4982-4A3C-9192-23FA1EA0654F}.Release|Any CPU.Build.0 = Release|Any CPU
		{2AE4A219-500B-401F-B436-EB7CB8F733F8}.Debug|Any CPU.ActiveCfg = Debug|Any CPU
		{2AE4A219-500B-401F-B436-EB7CB8F733F8}.Debug|Any CPU.Build.0 = Debug|Any CPU
		{2AE4A219-500B-401F-B436-EB7CB8F733F8}.Release|Any CPU.ActiveCfg = Release|Any CPU
		{2AE4A219-500B-401F-B436-EB7CB8F733F8}.Release|Any CPU.Build.0 = Release|Any CPU
		{3E9B60D1-A948-4244-AC41-242CD2BB4DBD}.Debug|Any CPU.ActiveCfg = Debug|Any CPU
		{3E9B60D1-A948-4244-AC41-242CD2BB4DBD}.Debug|Any CPU.Build.0 = Debug|Any CPU
		{3E9B60D1-A948-4244-AC41-242CD2BB4DBD}.Release|Any CPU.ActiveCfg = Release|Any CPU
		{3E9B60D1-A948-4244-AC41-242CD2BB4DBD}.Release|Any CPU.Build.0 = Release|Any CPU
		{79A0F927-D947-42E3-A76B-DD2E483F25F2}.Debug|Any CPU.ActiveCfg = Debug|Any CPU
		{79A0F927-D947-42E3-A76B-DD2E483F25F2}.Debug|Any CPU.Build.0 = Debug|Any CPU
		{79A0F927-D947-42E3-A76B-DD2E483F25F2}.Release|Any CPU.ActiveCfg = Release|Any CPU
		{79A0F927-D947-42E3-A76B-DD2E483F25F2}.Release|Any CPU.Build.0 = Release|Any CPU
		{CDF0CDE6-4291-4D0C-8B81-C58583EA6F6A}.Debug|Any CPU.ActiveCfg = Debug|Any CPU
		{CDF0CDE6-4291-4D0C-8B81-C58583EA6F6A}.Debug|Any CPU.Build.0 = Debug|Any CPU
		{CDF0CDE6-4291-4D0C-8B81-C58583EA6F6A}.Release|Any CPU.ActiveCfg = Release|Any CPU
		{CDF0CDE6-4291-4D0C-8B81-C58583EA6F6A}.Release|Any CPU.Build.0 = Release|Any CPU
		{A6AEA686-F7CC-4B2F-8B64-F26050DA4740}.Debug|Any CPU.ActiveCfg = Debug|Any CPU
		{A6AEA686-F7CC-4B2F-8B64-F26050DA4740}.Debug|Any CPU.Build.0 = Debug|Any CPU
		{A6AEA686-F7CC-4B2F-8B64-F26050DA4740}.Release|Any CPU.ActiveCfg = Release|Any CPU
		{A6AEA686-F7CC-4B2F-8B64-F26050DA4740}.Release|Any CPU.Build.0 = Release|Any CPU
		{5CF20C7F-DBB7-4690-A7AF-FDD3F0132738}.Debug|Any CPU.ActiveCfg = Debug|Any CPU
		{5CF20C7F-DBB7-4690-A7AF-FDD3F0132738}.Debug|Any CPU.Build.0 = Debug|Any CPU
		{5CF20C7F-DBB7-4690-A7AF-FDD3F0132738}.Release|Any CPU.ActiveCfg = Release|Any CPU
		{5CF20C7F-DBB7-4690-A7AF-FDD3F0132738}.Release|Any CPU.Build.0 = Release|Any CPU
		{938ED7BF-8477-4931-AFEF-BC8EB5D1771B}.Debug|Any CPU.ActiveCfg = Debug|Any CPU
		{938ED7BF-8477-4931-AFEF-BC8EB5D1771B}.Debug|Any CPU.Build.0 = Debug|Any CPU
		{938ED7BF-8477-4931-AFEF-BC8EB5D1771B}.Release|Any CPU.ActiveCfg = Release|Any CPU
		{938ED7BF-8477-4931-AFEF-BC8EB5D1771B}.Release|Any CPU.Build.0 = Release|Any CPU
	EndGlobalSection
	GlobalSection(SolutionProperties) = preSolution
		HideSolutionNode = FALSE
	EndGlobalSection
	GlobalSection(ExtensibilityGlobals) = postSolution
		SolutionGuid = {37F12132-0929-49C4-A331-2BE19DC993B8}
	EndGlobalSection
EndGlobal
