
Microsoft Visual Studio Solution File, Format Version 12.00
# Visual Studio Version 17
VisualStudioVersion = 17.13.35828.75
MinimumVisualStudioVersion = 10.0.40219.1
Project("{FAE04EC0-301F-11D3-BF4B-00C04F79EFBC}") = "T1Ex10", "Ex10\T1Ex10.csproj", "{2274913D-1D81-4CA3-A7A6-1BE5CB74B356}"
EndProject
Project("{FAE04EC0-301F-11D3-BF4B-00C04F79EFBC}") = "T1Ex8", "T1Ex8\T1Ex8.csproj", "{D2F08D84-1850-420B-9FA9-AB726CF560FE}"
EndProject
Global
	GlobalSection(SolutionConfigurationPlatforms) = preSolution
		Debug|Any CPU = Debug|Any CPU
		Release|Any CPU = Release|Any CPU
	EndGlobalSection
	GlobalSection(ProjectConfigurationPlatforms) = postSolution
		{2274913D-1D81-4CA3-A7A6-1BE5CB74B356}.Debug|Any CPU.ActiveCfg = Debug|Any CPU
		{2274913D-1D81-4CA3-A7A6-1BE5CB74B356}.Debug|Any CPU.Build.0 = Debug|Any CPU
		{2274913D-1D81-4CA3-A7A6-1BE5CB74B356}.Release|Any CPU.ActiveCfg = Release|Any CPU
		{2274913D-1D81-4CA3-A7A6-1BE5CB74B356}.Release|Any CPU.Build.0 = Release|Any CPU
		{D2F08D84-1850-420B-9FA9-AB726CF560FE}.Debug|Any CPU.ActiveCfg = Debug|Any CPU
		{D2F08D84-1850-420B-9FA9-AB726CF560FE}.Debug|Any CPU.Build.0 = Debug|Any CPU
		{D2F08D84-1850-420B-9FA9-AB726CF560FE}.Release|Any CPU.ActiveCfg = Release|Any CPU
		{D2F08D84-1850-420B-9FA9-AB726CF560FE}.Release|Any CPU.Build.0 = Release|Any CPU
	EndGlobalSection
	GlobalSection(SolutionProperties) = preSolution
		HideSolutionNode = FALSE
	EndGlobalSection
	GlobalSection(ExtensibilityGlobals) = postSolution
		SolutionGuid = {37F12132-0929-49C4-A331-2BE19DC993B8}
	EndGlobalSection
EndGlobal
